// !$*UTF8*$!
{
	archiveVersion = 1;
	classes = {
	};
	objectVersion = 50;
	objects = {

/* Begin PBXBuildFile section */
		D71AAEF824D5278F00BBE8B0 /* AppDelegate.swift in Sources */ = {isa = PBXBuildFile; fileRef = D71AAEF724D5278F00BBE8B0 /* AppDelegate.swift */; };
		D71AAEFA24D5278F00BBE8B0 /* SceneDelegate.swift in Sources */ = {isa = PBXBuildFile; fileRef = D71AAEF924D5278F00BBE8B0 /* SceneDelegate.swift */; };
		D71AAEFF24D5278F00BBE8B0 /* Main.storyboard in Resources */ = {isa = PBXBuildFile; fileRef = D71AAEFD24D5278F00BBE8B0 /* Main.storyboard */; };
		D71AAF0124D5279300BBE8B0 /* Assets.xcassets in Resources */ = {isa = PBXBuildFile; fileRef = D71AAF0024D5279300BBE8B0 /* Assets.xcassets */; };
		D71AAF0424D5279300BBE8B0 /* LaunchScreen.storyboard in Resources */ = {isa = PBXBuildFile; fileRef = D71AAF0224D5279300BBE8B0 /* LaunchScreen.storyboard */; };
		D71AAF0E24D5281500BBE8B0 /* Question.swift in Sources */ = {isa = PBXBuildFile; fileRef = D71AAF0D24D5281500BBE8B0 /* Question.swift */; };
		D71AAF1024D52CD300BBE8B0 /* BdQuestions.swift in Sources */ = {isa = PBXBuildFile; fileRef = D71AAF0F24D52CD300BBE8B0 /* BdQuestions.swift */; };
		D71AAF1424D544C700BBE8B0 /* QuestionViewController.swift in Sources */ = {isa = PBXBuildFile; fileRef = D71AAF1324D544C700BBE8B0 /* QuestionViewController.swift */; };
		D71AAF1624D551FB00BBE8B0 /* MainViewController.swift in Sources */ = {isa = PBXBuildFile; fileRef = D71AAF1524D551FB00BBE8B0 /* MainViewController.swift */; };
		D71AAF1824D56CF900BBE8B0 /* Record.swift in Sources */ = {isa = PBXBuildFile; fileRef = D71AAF1724D56CF900BBE8B0 /* Record.swift */; };
		D71AAF1A24D56D2500BBE8B0 /* Care.swift in Sources */ = {isa = PBXBuildFile; fileRef = D71AAF1924D56D2500BBE8B0 /* Care.swift */; };
		D71AAF1D24D582CE00BBE8B0 /* RecordTableViewCell.swift in Sources */ = {isa = PBXBuildFile; fileRef = D71AAF1C24D582CE00BBE8B0 /* RecordTableViewCell.swift */; };
		D71AAF1F24D5836300BBE8B0 /* RecordTableViewController.swift in Sources */ = {isa = PBXBuildFile; fileRef = D71AAF1E24D5836300BBE8B0 /* RecordTableViewController.swift */; };
		D75E8F4124D91486005F81F2 /* DifficultyGame.swift in Sources */ = {isa = PBXBuildFile; fileRef = D75E8F4024D91486005F81F2 /* DifficultyGame.swift */; };
		D75E8F4424D917AE005F81F2 /* GetQuestionsStrategy.swift in Sources */ = {isa = PBXBuildFile; fileRef = D75E8F4324D917AE005F81F2 /* GetQuestionsStrategy.swift */; };
		D75E8F4624D9184A005F81F2 /* GetQuestionEasy.swift in Sources */ = {isa = PBXBuildFile; fileRef = D75E8F4524D9184A005F81F2 /* GetQuestionEasy.swift */; };
		D75E8F4824D91A54005F81F2 /* GetQuestionHard.swift in Sources */ = {isa = PBXBuildFile; fileRef = D75E8F4724D91A54005F81F2 /* GetQuestionHard.swift */; };
/* End PBXBuildFile section */

/* Begin PBXFileReference section */
		D71AAEF424D5278F00BBE8B0 /* millionaire.app */ = {isa = PBXFileReference; explicitFileType = wrapper.application; includeInIndex = 0; path = millionaire.app; sourceTree = BUILT_PRODUCTS_DIR; };
		D71AAEF724D5278F00BBE8B0 /* AppDelegate.swift */ = {isa = PBXFileReference; lastKnownFileType = sourcecode.swift; path = AppDelegate.swift; sourceTree = "<group>"; };
		D71AAEF924D5278F00BBE8B0 /* SceneDelegate.swift */ = {isa = PBXFileReference; lastKnownFileType = sourcecode.swift; path = SceneDelegate.swift; sourceTree = "<group>"; };
		D71AAEFE24D5278F00BBE8B0 /* Base */ = {isa = PBXFileReference; lastKnownFileType = file.storyboard; name = Base; path = Base.lproj/Main.storyboard; sourceTree = "<group>"; };
		D71AAF0024D5279300BBE8B0 /* Assets.xcassets */ = {isa = PBXFileReference; lastKnownFileType = folder.assetcatalog; path = Assets.xcassets; sourceTree = "<group>"; };
		D71AAF0324D5279300BBE8B0 /* Base */ = {isa = PBXFileReference; lastKnownFileType = file.storyboard; name = Base; path = Base.lproj/LaunchScreen.storyboard; sourceTree = "<group>"; };
		D71AAF0524D5279300BBE8B0 /* Info.plist */ = {isa = PBXFileReference; lastKnownFileType = text.plist.xml; path = Info.plist; sourceTree = "<group>"; };
		D71AAF0D24D5281500BBE8B0 /* Question.swift */ = {isa = PBXFileReference; lastKnownFileType = sourcecode.swift; path = Question.swift; sourceTree = "<group>"; };
		D71AAF0F24D52CD300BBE8B0 /* BdQuestions.swift */ = {isa = PBXFileReference; lastKnownFileType = sourcecode.swift; path = BdQuestions.swift; sourceTree = "<group>"; };
		D71AAF1324D544C700BBE8B0 /* QuestionViewController.swift */ = {isa = PBXFileReference; lastKnownFileType = sourcecode.swift; path = QuestionViewController.swift; sourceTree = "<group>"; };
		D71AAF1524D551FB00BBE8B0 /* MainViewController.swift */ = {isa = PBXFileReference; lastKnownFileType = sourcecode.swift; path = MainViewController.swift; sourceTree = "<group>"; };
		D71AAF1724D56CF900BBE8B0 /* Record.swift */ = {isa = PBXFileReference; lastKnownFileType = sourcecode.swift; path = Record.swift; sourceTree = "<group>"; };
		D71AAF1924D56D2500BBE8B0 /* Care.swift */ = {isa = PBXFileReference; lastKnownFileType = sourcecode.swift; path = Care.swift; sourceTree = "<group>"; };
		D71AAF1C24D582CE00BBE8B0 /* RecordTableViewCell.swift */ = {isa = PBXFileReference; lastKnownFileType = sourcecode.swift; path = RecordTableViewCell.swift; sourceTree = "<group>"; };
		D71AAF1E24D5836300BBE8B0 /* RecordTableViewController.swift */ = {isa = PBXFileReference; lastKnownFileType = sourcecode.swift; path = RecordTableViewController.swift; sourceTree = "<group>"; };
		D75E8F4024D91486005F81F2 /* DifficultyGame.swift */ = {isa = PBXFileReference; lastKnownFileType = sourcecode.swift; path = DifficultyGame.swift; sourceTree = "<group>"; };
		D75E8F4324D917AE005F81F2 /* GetQuestionsStrategy.swift */ = {isa = PBXFileReference; lastKnownFileType = sourcecode.swift; path = GetQuestionsStrategy.swift; sourceTree = "<group>"; };
		D75E8F4524D9184A005F81F2 /* GetQuestionEasy.swift */ = {isa = PBXFileReference; lastKnownFileType = sourcecode.swift; path = GetQuestionEasy.swift; sourceTree = "<group>"; };
		D75E8F4724D91A54005F81F2 /* GetQuestionHard.swift */ = {isa = PBXFileReference; lastKnownFileType = sourcecode.swift; path = GetQuestionHard.swift; sourceTree = "<group>"; };
/* End PBXFileReference section */

/* Begin PBXFrameworksBuildPhase section */
		D71AAEF124D5278F00BBE8B0 /* Frameworks */ = {
			isa = PBXFrameworksBuildPhase;
			buildActionMask = 2147483647;
			files = (
			);
			runOnlyForDeploymentPostprocessing = 0;
		};
/* End PBXFrameworksBuildPhase section */

/* Begin PBXGroup section */
		D71AAEEB24D5278F00BBE8B0 = {
			isa = PBXGroup;
			children = (
				D71AAEF624D5278F00BBE8B0 /* millionaire */,
				D71AAEF524D5278F00BBE8B0 /* Products */,
			);
			sourceTree = "<group>";
		};
		D71AAEF524D5278F00BBE8B0 /* Products */ = {
			isa = PBXGroup;
			children = (
				D71AAEF424D5278F00BBE8B0 /* millionaire.app */,
			);
			name = Products;
			sourceTree = "<group>";
		};
		D71AAEF624D5278F00BBE8B0 /* millionaire */ = {
			isa = PBXGroup;
			children = (
				D71AAF1B24D56E0700BBE8B0 /* cell */,
				D71AAF1224D538A400BBE8B0 /* controller */,
				D71AAF0B24D527CA00BBE8B0 /* model */,
				D71AAEF724D5278F00BBE8B0 /* AppDelegate.swift */,
				D71AAEF924D5278F00BBE8B0 /* SceneDelegate.swift */,
				D71AAEFD24D5278F00BBE8B0 /* Main.storyboard */,
				D71AAF0024D5279300BBE8B0 /* Assets.xcassets */,
				D71AAF0224D5279300BBE8B0 /* LaunchScreen.storyboard */,
				D71AAF0524D5279300BBE8B0 /* Info.plist */,
			);
			path = millionaire;
			sourceTree = "<group>";
		};
		D71AAF0B24D527CA00BBE8B0 /* model */ = {
			isa = PBXGroup;
			children = (
				D75E8F4224D91743005F81F2 /* strategy */,
				D71AAF0C24D527F400BBE8B0 /* questions */,
				D71AAF1724D56CF900BBE8B0 /* Record.swift */,
				D71AAF1924D56D2500BBE8B0 /* Care.swift */,
				D75E8F4024D91486005F81F2 /* DifficultyGame.swift */,
			);
			path = model;
			sourceTree = "<group>";
		};
		D71AAF0C24D527F400BBE8B0 /* questions */ = {
			isa = PBXGroup;
			children = (
				D71AAF0D24D5281500BBE8B0 /* Question.swift */,
				D71AAF0F24D52CD300BBE8B0 /* BdQuestions.swift */,
			);
			path = questions;
			sourceTree = "<group>";
		};
		D71AAF1224D538A400BBE8B0 /* controller */ = {
			isa = PBXGroup;
			children = (
				D71AAF1324D544C700BBE8B0 /* QuestionViewController.swift */,
				D71AAF1524D551FB00BBE8B0 /* MainViewController.swift */,
				D71AAF1E24D5836300BBE8B0 /* RecordTableViewController.swift */,
			);
			path = controller;
			sourceTree = "<group>";
		};
		D71AAF1B24D56E0700BBE8B0 /* cell */ = {
			isa = PBXGroup;
			children = (
				D71AAF1C24D582CE00BBE8B0 /* RecordTableViewCell.swift */,
			);
			path = cell;
			sourceTree = "<group>";
		};
		D75E8F4224D91743005F81F2 /* strategy */ = {
			isa = PBXGroup;
			children = (
				D75E8F4324D917AE005F81F2 /* GetQuestionsStrategy.swift */,
				D75E8F4524D9184A005F81F2 /* GetQuestionEasy.swift */,
				D75E8F4724D91A54005F81F2 /* GetQuestionHard.swift */,
			);
			path = strategy;
			sourceTree = "<group>";
		};
/* End PBXGroup section */

/* Begin PBXNativeTarget section */
		D71AAEF324D5278F00BBE8B0 /* millionaire */ = {
			isa = PBXNativeTarget;
			buildConfigurationList = D71AAF0824D5279300BBE8B0 /* Build configuration list for PBXNativeTarget "millionaire" */;
			buildPhases = (
				D71AAEF024D5278F00BBE8B0 /* Sources */,
				D71AAEF124D5278F00BBE8B0 /* Frameworks */,
				D71AAEF224D5278F00BBE8B0 /* Resources */,
			);
			buildRules = (
			);
			dependencies = (
			);
			name = millionaire;
			productName = millionaire;
			productReference = D71AAEF424D5278F00BBE8B0 /* millionaire.app */;
			productType = "com.apple.product-type.application";
		};
/* End PBXNativeTarget section */

/* Begin PBXProject section */
		D71AAEEC24D5278F00BBE8B0 /* Project object */ = {
			isa = PBXProject;
			attributes = {
				LastSwiftUpdateCheck = 1160;
				LastUpgradeCheck = 1160;
				ORGANIZATIONNAME = "Oksana Zvereva";
				TargetAttributes = {
					D71AAEF324D5278F00BBE8B0 = {
						CreatedOnToolsVersion = 11.6;
					};
				};
			};
			buildConfigurationList = D71AAEEF24D5278F00BBE8B0 /* Build configuration list for PBXProject "millionaire" */;
			compatibilityVersion = "Xcode 9.3";
			developmentRegion = en;
			hasScannedForEncodings = 0;
			knownRegions = (
				en,
				Base,
			);
			mainGroup = D71AAEEB24D5278F00BBE8B0;
			productRefGroup = D71AAEF524D5278F00BBE8B0 /* Products */;
			projectDirPath = "";
			projectRoot = "";
			targets = (
				D71AAEF324D5278F00BBE8B0 /* millionaire */,
			);
		};
/* End PBXProject section */

/* Begin PBXResourcesBuildPhase section */
		D71AAEF224D5278F00BBE8B0 /* Resources */ = {
			isa = PBXResourcesBuildPhase;
			buildActionMask = 2147483647;
			files = (
				D71AAF0424D5279300BBE8B0 /* LaunchScreen.storyboard in Resources */,
				D71AAF0124D5279300BBE8B0 /* Assets.xcassets in Resources */,
				D71AAEFF24D5278F00BBE8B0 /* Main.storyboard in Resources */,
			);
			runOnlyForDeploymentPostprocessing = 0;
		};
/* End PBXResourcesBuildPhase section */

/* Begin PBXSourcesBuildPhase section */
		D71AAEF024D5278F00BBE8B0 /* Sources */ = {
			isa = PBXSourcesBuildPhase;
			buildActionMask = 2147483647;
			files = (
				D75E8F4624D9184A005F81F2 /* GetQuestionEasy.swift in Sources */,
				D71AAF1A24D56D2500BBE8B0 /* Care.swift in Sources */,
				D71AAF1024D52CD300BBE8B0 /* BdQuestions.swift in Sources */,
				D75E8F4124D91486005F81F2 /* DifficultyGame.swift in Sources */,
				D71AAF1D24D582CE00BBE8B0 /* RecordTableViewCell.swift in Sources */,
				D71AAF1424D544C700BBE8B0 /* QuestionViewController.swift in Sources */,
				D71AAF1F24D5836300BBE8B0 /* RecordTableViewController.swift in Sources */,
				D71AAF0E24D5281500BBE8B0 /* Question.swift in Sources */,
				D75E8F4424D917AE005F81F2 /* GetQuestionsStrategy.swift in Sources */,
				D71AAF1624D551FB00BBE8B0 /* MainViewController.swift in Sources */,
				D71AAF1824D56CF900BBE8B0 /* Record.swift in Sources */,
				D75E8F4824D91A54005F81F2 /* GetQuestionHard.swift in Sources */,
				D71AAEF824D5278F00BBE8B0 /* AppDelegate.swift in Sources */,
				D71AAEFA24D5278F00BBE8B0 /* SceneDelegate.swift in Sources */,
			);
			runOnlyForDeploymentPostprocessing = 0;
		};
/* End PBXSourcesBuildPhase section */

/* Begin PBXVariantGroup section */
		D71AAEFD24D5278F00BBE8B0 /* Main.storyboard */ = {
			isa = PBXVariantGroup;
			children = (
				D71AAEFE24D5278F00BBE8B0 /* Base */,
			);
			name = Main.storyboard;
			sourceTree = "<group>";
		};
		D71AAF0224D5279300BBE8B0 /* LaunchScreen.storyboard */ = {
			isa = PBXVariantGroup;
			children = (
				D71AAF0324D5279300BBE8B0 /* Base */,
			);
			name = LaunchScreen.storyboard;
			sourceTree = "<group>";
		};
/* End PBXVariantGroup section */

/* Begin XCBuildConfiguration section */
		D71AAF0624D5279300BBE8B0 /* Debug */ = {
			isa = XCBuildConfiguration;
			buildSettings = {
				ALWAYS_SEARCH_USER_PATHS = NO;
				CLANG_ANALYZER_NONNULL = YES;
				CLANG_ANALYZER_NUMBER_OBJECT_CONVERSION = YES_AGGRESSIVE;
				CLANG_CXX_LANGUAGE_STANDARD = "gnu++14";
				CLANG_CXX_LIBRARY = "libc++";
				CLANG_ENABLE_MODULES = YES;
				CLANG_ENABLE_OBJC_ARC = YES;
				CLANG_ENABLE_OBJC_WEAK = YES;
				CLANG_WARN_BLOCK_CAPTURE_AUTORELEASING = YES;
				CLANG_WARN_BOOL_CONVERSION = YES;
				CLANG_WARN_COMMA = YES;
				CLANG_WARN_CONSTANT_CONVERSION = YES;
				CLANG_WARN_DEPRECATED_OBJC_IMPLEMENTATIONS = YES;
				CLANG_WARN_DIRECT_OBJC_ISA_USAGE = YES_ERROR;
				CLANG_WARN_DOCUMENTATION_COMMENTS = YES;
				CLANG_WARN_EMPTY_BODY = YES;
				CLANG_WARN_ENUM_CONVERSION = YES;
				CLANG_WARN_INFINITE_RECURSION = YES;
				CLANG_WARN_INT_CONVERSION = YES;
				CLANG_WARN_NON_LITERAL_NULL_CONVERSION = YES;
				CLANG_WARN_OBJC_IMPLICIT_RETAIN_SELF = YES;
				CLANG_WARN_OBJC_LITERAL_CONVERSION = YES;
				CLANG_WARN_OBJC_ROOT_CLASS = YES_ERROR;
				CLANG_WARN_RANGE_LOOP_ANALYSIS = YES;
				CLANG_WARN_STRICT_PROTOTYPES = YES;
				CLANG_WARN_SUSPICIOUS_MOVE = YES;
				CLANG_WARN_UNGUARDED_AVAILABILITY = YES_AGGRESSIVE;
				CLANG_WARN_UNREACHABLE_CODE = YES;
				CLANG_WARN__DUPLICATE_METHOD_MATCH = YES;
				COPY_PHASE_STRIP = NO;
				DEBUG_INFORMATION_FORMAT = dwarf;
				ENABLE_STRICT_OBJC_MSGSEND = YES;
				ENABLE_TESTABILITY = YES;
				GCC_C_LANGUAGE_STANDARD = gnu11;
				GCC_DYNAMIC_NO_PIC = NO;
				GCC_NO_COMMON_BLOCKS = YES;
				GCC_OPTIMIZATION_LEVEL = 0;
				GCC_PREPROCESSOR_DEFINITIONS = (
					"DEBUG=1",
					"$(inherited)",
				);
				GCC_WARN_64_TO_32_BIT_CONVERSION = YES;
				GCC_WARN_ABOUT_RETURN_TYPE = YES_ERROR;
				GCC_WARN_UNDECLARED_SELECTOR = YES;
				GCC_WARN_UNINITIALIZED_AUTOS = YES_AGGRESSIVE;
				GCC_WARN_UNUSED_FUNCTION = YES;
				GCC_WARN_UNUSED_VARIABLE = YES;
				IPHONEOS_DEPLOYMENT_TARGET = 13.6;
				MTL_ENABLE_DEBUG_INFO = INCLUDE_SOURCE;
				MTL_FAST_MATH = YES;
				ONLY_ACTIVE_ARCH = YES;
				SDKROOT = iphoneos;
				SWIFT_ACTIVE_COMPILATION_CONDITIONS = DEBUG;
				SWIFT_OPTIMIZATION_LEVEL = "-Onone";
			};
			name = Debug;
		};
		D71AAF0724D5279300BBE8B0 /* Release */ = {
			isa = XCBuildConfiguration;
			buildSettings = {
				ALWAYS_SEARCH_USER_PATHS = NO;
				CLANG_ANALYZER_NONNULL = YES;
				CLANG_ANALYZER_NUMBER_OBJECT_CONVERSION = YES_AGGRESSIVE;
				CLANG_CXX_LANGUAGE_STANDARD = "gnu++14";
				CLANG_CXX_LIBRARY = "libc++";
				CLANG_ENABLE_MODULES = YES;
				CLANG_ENABLE_OBJC_ARC = YES;
				CLANG_ENABLE_OBJC_WEAK = YES;
				CLANG_WARN_BLOCK_CAPTURE_AUTORELEASING = YES;
				CLANG_WARN_BOOL_CONVERSION = YES;
				CLANG_WARN_COMMA = YES;
				CLANG_WARN_CONSTANT_CONVERSION = YES;
				CLANG_WARN_DEPRECATED_OBJC_IMPLEMENTATIONS = YES;
				CLANG_WARN_DIRECT_OBJC_ISA_USAGE = YES_ERROR;
				CLANG_WARN_DOCUMENTATION_COMMENTS = YES;
				CLANG_WARN_EMPTY_BODY = YES;
				CLANG_WARN_ENUM_CONVERSION = YES;
				CLANG_WARN_INFINITE_RECURSION = YES;
				CLANG_WARN_INT_CONVERSION = YES;
				CLANG_WARN_NON_LITERAL_NULL_CONVERSION = YES;
				CLANG_WARN_OBJC_IMPLICIT_RETAIN_SELF = YES;
				CLANG_WARN_OBJC_LITERAL_CONVERSION = YES;
				CLANG_WARN_OBJC_ROOT_CLASS = YES_ERROR;
				CLANG_WARN_RANGE_LOOP_ANALYSIS = YES;
				CLANG_WARN_STRICT_PROTOTYPES = YES;
				CLANG_WARN_SUSPICIOUS_MOVE = YES;
				CLANG_WARN_UNGUARDED_AVAILABILITY = YES_AGGRESSIVE;
				CLANG_WARN_UNREACHABLE_CODE = YES;
				CLANG_WARN__DUPLICATE_METHOD_MATCH = YES;
				COPY_PHASE_STRIP = NO;
				DEBUG_INFORMATION_FORMAT = "dwarf-with-dsym";
				ENABLE_NS_ASSERTIONS = NO;
				ENABLE_STRICT_OBJC_MSGSEND = YES;
				GCC_C_LANGUAGE_STANDARD = gnu11;
				GCC_NO_COMMON_BLOCKS = YES;
				GCC_WARN_64_TO_32_BIT_CONVERSION = YES;
				GCC_WARN_ABOUT_RETURN_TYPE = YES_ERROR;
				GCC_WARN_UNDECLARED_SELECTOR = YES;
				GCC_WARN_UNINITIALIZED_AUTOS = YES_AGGRESSIVE;
				GCC_WARN_UNUSED_FUNCTION = YES;
				GCC_WARN_UNUSED_VARIABLE = YES;
				IPHONEOS_DEPLOYMENT_TARGET = 13.6;
				MTL_ENABLE_DEBUG_INFO = NO;
				MTL_FAST_MATH = YES;
				SDKROOT = iphoneos;
				SWIFT_COMPILATION_MODE = wholemodule;
				SWIFT_OPTIMIZATION_LEVEL = "-O";
				VALIDATE_PRODUCT = YES;
			};
			name = Release;
		};
		D71AAF0924D5279300BBE8B0 /* Debug */ = {
			isa = XCBuildConfiguration;
			buildSettings = {
				ASSETCATALOG_COMPILER_APPICON_NAME = AppIcon;
				CODE_SIGN_STYLE = Automatic;
				DEVELOPMENT_TEAM = JHDC5TATVS;
				INFOPLIST_FILE = millionaire/Info.plist;
				LD_RUNPATH_SEARCH_PATHS = (
					"$(inherited)",
					"@executable_path/Frameworks",
				);
				PRODUCT_BUNDLE_IDENTIFIER = OksanaZvereva.millionaire;
				PRODUCT_NAME = "$(TARGET_NAME)";
				SWIFT_VERSION = 5.0;
				TARGETED_DEVICE_FAMILY = "1,2";
			};
			name = Debug;
		};
		D71AAF0A24D5279300BBE8B0 /* Release */ = {
			isa = XCBuildConfiguration;
			buildSettings = {
				ASSETCATALOG_COMPILER_APPICON_NAME = AppIcon;
				CODE_SIGN_STYLE = Automatic;
				DEVELOPMENT_TEAM = JHDC5TATVS;
				INFOPLIST_FILE = millionaire/Info.plist;
				LD_RUNPATH_SEARCH_PATHS = (
					"$(inherited)",
					"@executable_path/Frameworks",
				);
				PRODUCT_BUNDLE_IDENTIFIER = OksanaZvereva.millionaire;
				PRODUCT_NAME = "$(TARGET_NAME)";
				SWIFT_VERSION = 5.0;
				TARGETED_DEVICE_FAMILY = "1,2";
			};
			name = Release;
		};
/* End XCBuildConfiguration section */

/* Begin XCConfigurationList section */
		D71AAEEF24D5278F00BBE8B0 /* Build configuration list for PBXProject "millionaire" */ = {
			isa = XCConfigurationList;
			buildConfigurations = (
				D71AAF0624D5279300BBE8B0 /* Debug */,
				D71AAF0724D5279300BBE8B0 /* Release */,
			);
			defaultConfigurationIsVisible = 0;
			defaultConfigurationName = Release;
		};
		D71AAF0824D5279300BBE8B0 /* Build configuration list for PBXNativeTarget "millionaire" */ = {
			isa = XCConfigurationList;
			buildConfigurations = (
				D71AAF0924D5279300BBE8B0 /* Debug */,
				D71AAF0A24D5279300BBE8B0 /* Release */,
			);
			defaultConfigurationIsVisible = 0;
			defaultConfigurationName = Release;
		};
/* End XCConfigurationList section */
	};
	rootObject = D71AAEEC24D5278F00BBE8B0 /* Project object */;
}
